
Microsoft Visual Studio Solution File, Format Version 12.00
Project("{FAE04EC0-301F-11D3-BF4B-00C04F79EFBC}") = "SecureHardwareLogisticsAPI", "SecureHardwareLogisticsAPI\SecureHardwareLogisticsAPI.csproj", "{C902B724-36C9-4FE0-87E0-52BC3FD29446}"
EndProject
Global
	GlobalSection(SolutionConfigurationPlatforms) = preSolution
		Debug|Any CPU = Debug|Any CPU
		Release|Any CPU = Release|Any CPU
	EndGlobalSection
	GlobalSection(ProjectConfigurationPlatforms) = postSolution
		{C902B724-36C9-4FE0-87E0-52BC3FD29446}.Debug|Any CPU.ActiveCfg = Debug|Any CPU
		{C902B724-36C9-4FE0-87E0-52BC3FD29446}.Debug|Any CPU.Build.0 = Debug|Any CPU
		{C902B724-36C9-4FE0-87E0-52BC3FD29446}.Release|Any CPU.ActiveCfg = Release|Any CPU
		{C902B724-36C9-4FE0-87E0-52BC3FD29446}.Release|Any CPU.Build.0 = Release|Any CPU
	EndGlobalSection
EndGlobal
